
Microsoft Visual Studio Solution File, Format Version 12.00
# Visual Studio Version 17
VisualStudioVersion = 17.10.35013.160
MinimumVisualStudioVersion = 10.0.40219.1
Project("{9A19103F-16F7-4668-BE54-9A1E7A4F7556}") = "Catalog.API", "Services\Catalog\Catalog.API\Catalog.API.csproj", "{E66E5CEE-3433-4B0D-A3CA-A8C08C07A96D}"
EndProject
Project("{2150E333-8FDC-42A3-9474-1A3956D46DE8}") = "Services", "Services", "{4DAA8F4A-48F0-4081-974A-F97E59AC7C69}"
EndProject
Project("{2150E333-8FDC-42A3-9474-1A3956D46DE8}") = "Catalog", "Catalog", "{69A6A05A-F4F5-4B36-B322-73B3A6FB84C0}"
EndProject
Project("{2150E333-8FDC-42A3-9474-1A3956D46DE8}") = "BuildingBlocks", "BuildingBlocks", "{02E9FFC7-DB5B-4A1D-8B7C-4F6320911408}"
EndProject
Project("{FAE04EC0-301F-11D3-BF4B-00C04F79EFBC}") = "BuildingBlocks", "BuildingBlocks\BuildingBlocks\BuildingBlocks.csproj", "{9401A433-9864-4B69-A377-922F2743D214}"
EndProject
Project("{E53339B2-1760-4266-BCC7-CA923CBCF16C}") = "docker-compose", "docker-compose.dcproj", "{AB206E4C-067A-40CD-B1E9-2E46EC8F0FCD}"
EndProject
Project("{2150E333-8FDC-42A3-9474-1A3956D46DE8}") = "Basket", "Basket", "{93CD4A49-8DF5-4B30-BA0D-D5BB5989EF0D}"
EndProject
Project("{FAE04EC0-301F-11D3-BF4B-00C04F79EFBC}") = "Basket.API", "Services\Basket\Basket.API\Basket.API.csproj", "{63A865DB-4E7C-450A-B8DC-AFABE63E5D14}"
EndProject
Global
	GlobalSection(SolutionConfigurationPlatforms) = preSolution
		Debug|Any CPU = Debug|Any CPU
		Release|Any CPU = Release|Any CPU
	EndGlobalSection
	GlobalSection(ProjectConfigurationPlatforms) = postSolution
		{E66E5CEE-3433-4B0D-A3CA-A8C08C07A96D}.Debug|Any CPU.ActiveCfg = Debug|Any CPU
		{E66E5CEE-3433-4B0D-A3CA-A8C08C07A96D}.Debug|Any CPU.Build.0 = Debug|Any CPU
		{E66E5CEE-3433-4B0D-A3CA-A8C08C07A96D}.Release|Any CPU.ActiveCfg = Release|Any CPU
		{E66E5CEE-3433-4B0D-A3CA-A8C08C07A96D}.Release|Any CPU.Build.0 = Release|Any CPU
		{9401A433-9864-4B69-A377-922F2743D214}.Debug|Any CPU.ActiveCfg = Debug|Any CPU
		{9401A433-9864-4B69-A377-922F2743D214}.Debug|Any CPU.Build.0 = Debug|Any CPU
		{9401A433-9864-4B69-A377-922F2743D214}.Release|Any CPU.ActiveCfg = Release|Any CPU
		{9401A433-9864-4B69-A377-922F2743D214}.Release|Any CPU.Build.0 = Release|Any CPU
		{AB206E4C-067A-40CD-B1E9-2E46EC8F0FCD}.Debug|Any CPU.ActiveCfg = Debug|Any CPU
		{AB206E4C-067A-40CD-B1E9-2E46EC8F0FCD}.Debug|Any CPU.Build.0 = Debug|Any CPU
		{AB206E4C-067A-40CD-B1E9-2E46EC8F0FCD}.Release|Any CPU.ActiveCfg = Release|Any CPU
		{AB206E4C-067A-40CD-B1E9-2E46EC8F0FCD}.Release|Any CPU.Build.0 = Release|Any CPU
		{63A865DB-4E7C-450A-B8DC-AFABE63E5D14}.Debug|Any CPU.ActiveCfg = Debug|Any CPU
		{63A865DB-4E7C-450A-B8DC-AFABE63E5D14}.Debug|Any CPU.Build.0 = Debug|Any CPU
		{63A865DB-4E7C-450A-B8DC-AFABE63E5D14}.Release|Any CPU.ActiveCfg = Release|Any CPU
		{63A865DB-4E7C-450A-B8DC-AFABE63E5D14}.Release|Any CPU.Build.0 = Release|Any CPU
	EndGlobalSection
	GlobalSection(SolutionProperties) = preSolution
		HideSolutionNode = FALSE
	EndGlobalSection
	GlobalSection(NestedProjects) = preSolution
		{E66E5CEE-3433-4B0D-A3CA-A8C08C07A96D} = {69A6A05A-F4F5-4B36-B322-73B3A6FB84C0}
		{69A6A05A-F4F5-4B36-B322-73B3A6FB84C0} = {4DAA8F4A-48F0-4081-974A-F97E59AC7C69}
		{9401A433-9864-4B69-A377-922F2743D214} = {02E9FFC7-DB5B-4A1D-8B7C-4F6320911408}
		{93CD4A49-8DF5-4B30-BA0D-D5BB5989EF0D} = {4DAA8F4A-48F0-4081-974A-F97E59AC7C69}
		{63A865DB-4E7C-450A-B8DC-AFABE63E5D14} = {93CD4A49-8DF5-4B30-BA0D-D5BB5989EF0D}
	EndGlobalSection
	GlobalSection(ExtensibilityGlobals) = postSolution
		SolutionGuid = {ACDFBD82-F4FF-42DA-8135-AD0C0D7DEDD9}
	EndGlobalSection
EndGlobal
